
Microsoft Visual Studio Solution File, Format Version 12.00
# Visual Studio Version 17
VisualStudioVersion = 17.2.32630.192
MinimumVisualStudioVersion = 10.0.40219.1
Project("{9A19103F-16F7-4668-BE54-9A1E7A4F7556}") = "Ex1", "Ex1\Ex1.csproj", "{C3471DA5-B797-4B77-9A5E-D14EB7A963F2}"
EndProject
Project("{9A19103F-16F7-4668-BE54-9A1E7A4F7556}") = "Ex2Ver2", "Ex2\Ex2Ver2.csproj", "{41713A42-3A4B-43DA-8F31-5CA7C03E05BA}"
EndProject
Project("{FAE04EC0-301F-11D3-BF4B-00C04F79EFBC}") = "Ex2Ver1", "Ex2Ver1\Ex2Ver1.csproj", "{A98B7F79-3E0A-4C49-9D7B-D529F1A4D709}"
EndProject
Project("{FAE04EC0-301F-11D3-BF4B-00C04F79EFBC}") = "Ex2Ver3", "Ex2Ver3\Ex2Ver3.csproj", "{47D7ABF9-34F4-4BA3-8BF6-CFA0EB05D93A}"
EndProject
Project("{FAE04EC0-301F-11D3-BF4B-00C04F79EFBC}") = "Ex3", "Ex3\Ex3.csproj", "{3FBAB439-077E-4ECA-A6DE-A7864B477A3F}"
EndProject
Project("{FAE04EC0-301F-11D3-BF4B-00C04F79EFBC}") = "Ex4", "Ex4\Ex4.csproj", "{A80B4C8D-E6B3-47EB-BC51-AD60083A83EB}"
EndProject
Project("{FAE04EC0-301F-11D3-BF4B-00C04F79EFBC}") = "Ex5", "Ex5\Ex5.csproj", "{387D2A8D-1CB9-49BD-AB1A-B51CA3FC4CB1}"
EndProject
Project("{FAE04EC0-301F-11D3-BF4B-00C04F79EFBC}") = "Ex6", "Ex6\Ex6.csproj", "{1AD65042-9893-4742-A10F-4618A4214FE6}"
EndProject
Global
	GlobalSection(SolutionConfigurationPlatforms) = preSolution
		Debug|Any CPU = Debug|Any CPU
		Release|Any CPU = Release|Any CPU
	EndGlobalSection
	GlobalSection(ProjectConfigurationPlatforms) = postSolution
		{C3471DA5-B797-4B77-9A5E-D14EB7A963F2}.Debug|Any CPU.ActiveCfg = Debug|Any CPU
		{C3471DA5-B797-4B77-9A5E-D14EB7A963F2}.Debug|Any CPU.Build.0 = Debug|Any CPU
		{C3471DA5-B797-4B77-9A5E-D14EB7A963F2}.Release|Any CPU.ActiveCfg = Release|Any CPU
		{C3471DA5-B797-4B77-9A5E-D14EB7A963F2}.Release|Any CPU.Build.0 = Release|Any CPU
		{41713A42-3A4B-43DA-8F31-5CA7C03E05BA}.Debug|Any CPU.ActiveCfg = Debug|Any CPU
		{41713A42-3A4B-43DA-8F31-5CA7C03E05BA}.Debug|Any CPU.Build.0 = Debug|Any CPU
		{41713A42-3A4B-43DA-8F31-5CA7C03E05BA}.Release|Any CPU.ActiveCfg = Release|Any CPU
		{41713A42-3A4B-43DA-8F31-5CA7C03E05BA}.Release|Any CPU.Build.0 = Release|Any CPU
		{A98B7F79-3E0A-4C49-9D7B-D529F1A4D709}.Debug|Any CPU.ActiveCfg = Debug|Any CPU
		{A98B7F79-3E0A-4C49-9D7B-D529F1A4D709}.Debug|Any CPU.Build.0 = Debug|Any CPU
		{A98B7F79-3E0A-4C49-9D7B-D529F1A4D709}.Release|Any CPU.ActiveCfg = Release|Any CPU
		{A98B7F79-3E0A-4C49-9D7B-D529F1A4D709}.Release|Any CPU.Build.0 = Release|Any CPU
		{47D7ABF9-34F4-4BA3-8BF6-CFA0EB05D93A}.Debug|Any CPU.ActiveCfg = Debug|Any CPU
		{47D7ABF9-34F4-4BA3-8BF6-CFA0EB05D93A}.Debug|Any CPU.Build.0 = Debug|Any CPU
		{47D7ABF9-34F4-4BA3-8BF6-CFA0EB05D93A}.Release|Any CPU.ActiveCfg = Release|Any CPU
		{47D7ABF9-34F4-4BA3-8BF6-CFA0EB05D93A}.Release|Any CPU.Build.0 = Release|Any CPU
		{3FBAB439-077E-4ECA-A6DE-A7864B477A3F}.Debug|Any CPU.ActiveCfg = Debug|Any CPU
		{3FBAB439-077E-4ECA-A6DE-A7864B477A3F}.Debug|Any CPU.Build.0 = Debug|Any CPU
		{3FBAB439-077E-4ECA-A6DE-A7864B477A3F}.Release|Any CPU.ActiveCfg = Release|Any CPU
		{3FBAB439-077E-4ECA-A6DE-A7864B477A3F}.Release|Any CPU.Build.0 = Release|Any CPU
		{A80B4C8D-E6B3-47EB-BC51-AD60083A83EB}.Debug|Any CPU.ActiveCfg = Debug|Any CPU
		{A80B4C8D-E6B3-47EB-BC51-AD60083A83EB}.Debug|Any CPU.Build.0 = Debug|Any CPU
		{A80B4C8D-E6B3-47EB-BC51-AD60083A83EB}.Release|Any CPU.ActiveCfg = Release|Any CPU
		{A80B4C8D-E6B3-47EB-BC51-AD60083A83EB}.Release|Any CPU.Build.0 = Release|Any CPU
		{387D2A8D-1CB9-49BD-AB1A-B51CA3FC4CB1}.Debug|Any CPU.ActiveCfg = Debug|Any CPU
		{387D2A8D-1CB9-49BD-AB1A-B51CA3FC4CB1}.Debug|Any CPU.Build.0 = Debug|Any CPU
		{387D2A8D-1CB9-49BD-AB1A-B51CA3FC4CB1}.Release|Any CPU.ActiveCfg = Release|Any CPU
		{387D2A8D-1CB9-49BD-AB1A-B51CA3FC4CB1}.Release|Any CPU.Build.0 = Release|Any CPU
		{1AD65042-9893-4742-A10F-4618A4214FE6}.Debug|Any CPU.ActiveCfg = Debug|Any CPU
		{1AD65042-9893-4742-A10F-4618A4214FE6}.Debug|Any CPU.Build.0 = Debug|Any CPU
		{1AD65042-9893-4742-A10F-4618A4214FE6}.Release|Any CPU.ActiveCfg = Release|Any CPU
		{1AD65042-9893-4742-A10F-4618A4214FE6}.Release|Any CPU.Build.0 = Release|Any CPU
	EndGlobalSection
	GlobalSection(SolutionProperties) = preSolution
		HideSolutionNode = FALSE
	EndGlobalSection
	GlobalSection(ExtensibilityGlobals) = postSolution
		SolutionGuid = {81BFA4EE-AFF2-4C85-95D8-0463AD733579}
	EndGlobalSection
EndGlobal
